
Microsoft Visual Studio Solution File, Format Version 12.00
# Visual Studio Version 16
VisualStudioVersion = 16.0.30517.126
MinimumVisualStudioVersion = 10.0.40219.1
Project("{2150E333-8FDC-42A3-9474-1A3956D46DE8}") = "Assets", "Assets", "{D144FF1C-1574-4269-98DC-04480144CD34}"
	ProjectSection(SolutionItems) = preProject
		.editorconfig = .editorconfig
		.gitignore = .gitignore
		appveyor.yml = appveyor.yml
		build.cake = build.cake
		LICENSE.txt = LICENSE.txt
		README.md = README.md
	EndProjectSection
EndProject
Project("{FAE04EC0-301F-11D3-BF4B-00C04F79EFBC}") = "ZiZZi", "src\ZiZZi\ZiZZi.csproj", "{84D5C7A7-F2C5-4419-8CAA-9BFD40D74808}"
EndProject
Project("{FAE04EC0-301F-11D3-BF4B-00C04F79EFBC}") = "Test.ZiZZi", "tests\Test.ZiZZi\Test.ZiZZi.csproj", "{D5F99427-0CAF-4A87-9FCC-F6C35C2C36D7}"
EndProject
Global
	GlobalSection(SolutionConfigurationPlatforms) = preSolution
		Debug|Any CPU = Debug|Any CPU
		Release|Any CPU = Release|Any CPU
	EndGlobalSection
	GlobalSection(ProjectConfigurationPlatforms) = postSolution
		{84D5C7A7-F2C5-4419-8CAA-9BFD40D74808}.Debug|Any CPU.ActiveCfg = Debug|Any CPU
		{84D5C7A7-F2C5-4419-8CAA-9BFD40D74808}.Debug|Any CPU.Build.0 = Debug|Any CPU
		{84D5C7A7-F2C5-4419-8CAA-9BFD40D74808}.Release|Any CPU.ActiveCfg = Release|Any CPU
		{84D5C7A7-F2C5-4419-8CAA-9BFD40D74808}.Release|Any CPU.Build.0 = Release|Any CPU
		{D5F99427-0CAF-4A87-9FCC-F6C35C2C36D7}.Debug|Any CPU.ActiveCfg = Debug|Any CPU
		{D5F99427-0CAF-4A87-9FCC-F6C35C2C36D7}.Debug|Any CPU.Build.0 = Debug|Any CPU
		{D5F99427-0CAF-4A87-9FCC-F6C35C2C36D7}.Release|Any CPU.ActiveCfg = Release|Any CPU
		{D5F99427-0CAF-4A87-9FCC-F6C35C2C36D7}.Release|Any CPU.Build.0 = Release|Any CPU
	EndGlobalSection
	GlobalSection(SolutionProperties) = preSolution
		HideSolutionNode = FALSE
	EndGlobalSection
	GlobalSection(ExtensibilityGlobals) = postSolution
		SolutionGuid = {439ACD8D-8BE0-4852-9964-8D368A50E6E2}
	EndGlobalSection
EndGlobal
